
Microsoft Visual Studio Solution File, Format Version 12.00
# Visual Studio Version 16
VisualStudioVersion = 16.0.29326.143
MinimumVisualStudioVersion = 10.0.40219.1
Project("{FAE04EC0-301F-11D3-BF4B-00C04F79EFBC}") = "TchatWPF", "TchatWPF.csproj", "{731D22BC-3B5A-41E3-8044-83BAFB69C34B}"
EndProject
Project("{FAE04EC0-301F-11D3-BF4B-00C04F79EFBC}") = "TchatWPFTests", "..\TchatWPFTests\TchatWPFTests.csproj", "{FAAE64B3-ECE2-4240-A036-4C6ABF219219}"
EndProject
Global
	GlobalSection(SolutionConfigurationPlatforms) = preSolution
		Debug|Any CPU = Debug|Any CPU
		Release|Any CPU = Release|Any CPU
	EndGlobalSection
	GlobalSection(ProjectConfigurationPlatforms) = postSolution
		{731D22BC-3B5A-41E3-8044-83BAFB69C34B}.Debug|Any CPU.ActiveCfg = Debug|Any CPU
		{731D22BC-3B5A-41E3-8044-83BAFB69C34B}.Debug|Any CPU.Build.0 = Debug|Any CPU
		{731D22BC-3B5A-41E3-8044-83BAFB69C34B}.Release|Any CPU.ActiveCfg = Release|Any CPU
		{731D22BC-3B5A-41E3-8044-83BAFB69C34B}.Release|Any CPU.Build.0 = Release|Any CPU
		{FAAE64B3-ECE2-4240-A036-4C6ABF219219}.Debug|Any CPU.ActiveCfg = Debug|Any CPU
		{FAAE64B3-ECE2-4240-A036-4C6ABF219219}.Debug|Any CPU.Build.0 = Debug|Any CPU
		{FAAE64B3-ECE2-4240-A036-4C6ABF219219}.Release|Any CPU.ActiveCfg = Release|Any CPU
		{FAAE64B3-ECE2-4240-A036-4C6ABF219219}.Release|Any CPU.Build.0 = Release|Any CPU
	EndGlobalSection
	GlobalSection(SolutionProperties) = preSolution
		HideSolutionNode = FALSE
	EndGlobalSection
	GlobalSection(ExtensibilityGlobals) = postSolution
		SolutionGuid = {51E070CB-3727-4EA2-8B5F-65939493D86B}
	EndGlobalSection
EndGlobal
